// !$*UTF8*$!
{
	archiveVersion = 1;
	classes = {
	};
	objectVersion = 50;
	objects = {

/* Begin PBXBuildFile section */
		3FC73A142412F983009BB2ED /* AppDelegate.swift in Sources */ = {isa = PBXBuildFile; fileRef = 3FC73A132412F983009BB2ED /* AppDelegate.swift */; };
		3FC73A162412F983009BB2ED /* ViewController.swift in Sources */ = {isa = PBXBuildFile; fileRef = 3FC73A152412F983009BB2ED /* ViewController.swift */; };
		3FC73A1B2412F984009BB2ED /* Assets.xcassets in Resources */ = {isa = PBXBuildFile; fileRef = 3FC73A1A2412F984009BB2ED /* Assets.xcassets */; };
		3FC73A1E2412F984009BB2ED /* LaunchScreen.storyboard in Resources */ = {isa = PBXBuildFile; fileRef = 3FC73A1C2412F984009BB2ED /* LaunchScreen.storyboard */; };
		3FC73A3624131401009BB2ED /* Main.storyboard in Resources */ = {isa = PBXBuildFile; fileRef = 3FC73A3524131401009BB2ED /* Main.storyboard */; };
		3FC73A38241324D4009BB2ED /* WhereToViewController.swift in Sources */ = {isa = PBXBuildFile; fileRef = 3FC73A37241324D4009BB2ED /* WhereToViewController.swift */; };
		3FC73A3A241324E8009BB2ED /* WhenViewController.swift in Sources */ = {isa = PBXBuildFile; fileRef = 3FC73A39241324E8009BB2ED /* WhenViewController.swift */; };
		3FC73A3C241324F8009BB2ED /* FinalViewController.swift in Sources */ = {isa = PBXBuildFile; fileRef = 3FC73A3B241324F8009BB2ED /* FinalViewController.swift */; };
/* End PBXBuildFile section */

/* Begin PBXFileReference section */
		3FC73A102412F983009BB2ED /* PickerAppSueB_v3.app */ = {isa = PBXFileReference; explicitFileType = wrapper.application; includeInIndex = 0; path = PickerAppSueB_v3.app; sourceTree = BUILT_PRODUCTS_DIR; };
		3FC73A132412F983009BB2ED /* AppDelegate.swift */ = {isa = PBXFileReference; lastKnownFileType = sourcecode.swift; path = AppDelegate.swift; sourceTree = "<group>"; };
		3FC73A152412F983009BB2ED /* ViewController.swift */ = {isa = PBXFileReference; lastKnownFileType = sourcecode.swift; path = ViewController.swift; sourceTree = "<group>"; };
		3FC73A1A2412F984009BB2ED /* Assets.xcassets */ = {isa = PBXFileReference; lastKnownFileType = folder.assetcatalog; path = Assets.xcassets; sourceTree = "<group>"; };
		3FC73A1D2412F984009BB2ED /* Base */ = {isa = PBXFileReference; lastKnownFileType = file.storyboard; name = Base; path = Base.lproj/LaunchScreen.storyboard; sourceTree = "<group>"; };
		3FC73A1F2412F984009BB2ED /* Info.plist */ = {isa = PBXFileReference; lastKnownFileType = text.plist.xml; path = Info.plist; sourceTree = "<group>"; };
		3FC73A3524131401009BB2ED /* Main.storyboard */ = {isa = PBXFileReference; fileEncoding = 4; lastKnownFileType = file.storyboard; path = Main.storyboard; sourceTree = "<group>"; };
		3FC73A37241324D4009BB2ED /* WhereToViewController.swift */ = {isa = PBXFileReference; lastKnownFileType = sourcecode.swift; path = WhereToViewController.swift; sourceTree = "<group>"; };
		3FC73A39241324E8009BB2ED /* WhenViewController.swift */ = {isa = PBXFileReference; lastKnownFileType = sourcecode.swift; path = WhenViewController.swift; sourceTree = "<group>"; };
		3FC73A3B241324F8009BB2ED /* FinalViewController.swift */ = {isa = PBXFileReference; lastKnownFileType = sourcecode.swift; path = FinalViewController.swift; sourceTree = "<group>"; };
/* End PBXFileReference section */

/* Begin PBXFrameworksBuildPhase section */
		3FC73A0D2412F983009BB2ED /* Frameworks */ = {
			isa = PBXFrameworksBuildPhase;
			buildActionMask = 2147483647;
			files = (
			);
			runOnlyForDeploymentPostprocessing = 0;
		};
/* End PBXFrameworksBuildPhase section */

/* Begin PBXGroup section */
		3FC73A072412F983009BB2ED = {
			isa = PBXGroup;
			children = (
				3FC73A122412F983009BB2ED /* PickerAppSueB_v3 */,
				3FC73A112412F983009BB2ED /* Products */,
			);
			sourceTree = "<group>";
		};
		3FC73A112412F983009BB2ED /* Products */ = {
			isa = PBXGroup;
			children = (
				3FC73A102412F983009BB2ED /* PickerAppSueB_v3.app */,
			);
			name = Products;
			sourceTree = "<group>";
		};
		3FC73A122412F983009BB2ED /* PickerAppSueB_v3 */ = {
			isa = PBXGroup;
			children = (
				3FC73A132412F983009BB2ED /* AppDelegate.swift */,
				3FC73A152412F983009BB2ED /* ViewController.swift */,
				3FC73A37241324D4009BB2ED /* WhereToViewController.swift */,
				3FC73A39241324E8009BB2ED /* WhenViewController.swift */,
				3FC73A3B241324F8009BB2ED /* FinalViewController.swift */,
				3FC73A3524131401009BB2ED /* Main.storyboard */,
				3FC73A1A2412F984009BB2ED /* Assets.xcassets */,
				3FC73A1C2412F984009BB2ED /* LaunchScreen.storyboard */,
				3FC73A1F2412F984009BB2ED /* Info.plist */,
			);
			path = PickerAppSueB_v3;
			sourceTree = "<group>";
		};
/* End PBXGroup section */

/* Begin PBXNativeTarget section */
		3FC73A0F2412F983009BB2ED /* PickerAppSueB_v3 */ = {
			isa = PBXNativeTarget;
			buildConfigurationList = 3FC73A222412F984009BB2ED /* Build configuration list for PBXNativeTarget "PickerAppSueB_v3" */;
			buildPhases = (
				3FC73A0C2412F983009BB2ED /* Sources */,
				3FC73A0D2412F983009BB2ED /* Frameworks */,
				3FC73A0E2412F983009BB2ED /* Resources */,
			);
			buildRules = (
			);
			dependencies = (
			);
			name = PickerAppSueB_v3;
			productName = PickerAppSueB_v3;
			productReference = 3FC73A102412F983009BB2ED /* PickerAppSueB_v3.app */;
			productType = "com.apple.product-type.application";
		};
/* End PBXNativeTarget section */

/* Begin PBXProject section */
		3FC73A082412F983009BB2ED /* Project object */ = {
			isa = PBXProject;
			attributes = {
				LastSwiftUpdateCheck = 1030;
				LastUpgradeCheck = 1030;
				ORGANIZATIONNAME = "McHenry County College";
				TargetAttributes = {
					3FC73A0F2412F983009BB2ED = {
						CreatedOnToolsVersion = 10.3;
					};
				};
			};
			buildConfigurationList = 3FC73A0B2412F983009BB2ED /* Build configuration list for PBXProject "PickerAppSueB_v3" */;
			compatibilityVersion = "Xcode 9.3";
			developmentRegion = en;
			hasScannedForEncodings = 0;
			knownRegions = (
				en,
				Base,
			);
			mainGroup = 3FC73A072412F983009BB2ED;
			productRefGroup = 3FC73A112412F983009BB2ED /* Products */;
			projectDirPath = "";
			projectRoot = "";
			targets = (
				3FC73A0F2412F983009BB2ED /* PickerAppSueB_v3 */,
			);
		};
/* End PBXProject section */

/* Begin PBXResourcesBuildPhase section */
		3FC73A0E2412F983009BB2ED /* Resources */ = {
			isa = PBXResourcesBuildPhase;
			buildActionMask = 2147483647;
			files = (
				3FC73A1E2412F984009BB2ED /* LaunchScreen.storyboard in Resources */,
				3FC73A1B2412F984009BB2ED /* Assets.xcassets in Resources */,
				3FC73A3624131401009BB2ED /* Main.storyboard in Resources */,
			);
			runOnlyForDeploymentPostprocessing = 0;
		};
/* End PBXResourcesBuildPhase section */

/* Begin PBXSourcesBuildPhase section */
		3FC73A0C2412F983009BB2ED /* Sources */ = {
			isa = PBXSourcesBuildPhase;
			buildActionMask = 2147483647;
			files = (
				3FC73A3C241324F8009BB2ED /* FinalViewController.swift in Sources */,
				3FC73A3A241324E8009BB2ED /* WhenViewController.swift in Sources */,
				3FC73A162412F983009BB2ED /* ViewController.swift in Sources */,
				3FC73A38241324D4009BB2ED /* WhereToViewController.swift in Sources */,
				3FC73A142412F983009BB2ED /* AppDelegate.swift in Sources */,
			);
			runOnlyForDeploymentPostprocessing = 0;
		};
/* End PBXSourcesBuildPhase section */

/* Begin PBXVariantGroup section */
		3FC73A1C2412F984009BB2ED /* LaunchScreen.storyboard */ = {
			isa = PBXVariantGroup;
			children = (
				3FC73A1D2412F984009BB2ED /* Base */,
			);
			name = LaunchScreen.storyboard;
			sourceTree = "<group>";
		};
/* End PBXVariantGroup section */

/* Begin XCBuildConfiguration section */
		3FC73A202412F984009BB2ED /* Debug */ = {
			isa = XCBuildConfiguration;
			buildSettings = {
				ALWAYS_SEARCH_USER_PATHS = NO;
				CLANG_ANALYZER_NONNULL = YES;
				CLANG_ANALYZER_NUMBER_OBJECT_CONVERSION = YES_AGGRESSIVE;
				CLANG_CXX_LANGUAGE_STANDARD = "gnu++14";
				CLANG_CXX_LIBRARY = "libc++";
				CLANG_ENABLE_MODULES = YES;
				CLANG_ENABLE_OBJC_ARC = YES;
				CLANG_ENABLE_OBJC_WEAK = YES;
				CLANG_WARN_BLOCK_CAPTURE_AUTORELEASING = YES;
				CLANG_WARN_BOOL_CONVERSION = YES;
				CLANG_WARN_COMMA = YES;
				CLANG_WARN_CONSTANT_CONVERSION = YES;
				CLANG_WARN_DEPRECATED_OBJC_IMPLEMENTATIONS = YES;
				CLANG_WARN_DIRECT_OBJC_ISA_USAGE = YES_ERROR;
				CLANG_WARN_DOCUMENTATION_COMMENTS = YES;
				CLANG_WARN_EMPTY_BODY = YES;
				CLANG_WARN_ENUM_CONVERSION = YES;
				CLANG_WARN_INFINITE_RECURSION = YES;
				CLANG_WARN_INT_CONVERSION = YES;
				CLANG_WARN_NON_LITERAL_NULL_CONVERSION = YES;
				CLANG_WARN_OBJC_IMPLICIT_RETAIN_SELF = YES;
				CLANG_WARN_OBJC_LITERAL_CONVERSION = YES;
				CLANG_WARN_OBJC_ROOT_CLASS = YES_ERROR;
				CLANG_WARN_RANGE_LOOP_ANALYSIS = YES;
				CLANG_WARN_STRICT_PROTOTYPES = YES;
				CLANG_WARN_SUSPICIOUS_MOVE = YES;
				CLANG_WARN_UNGUARDED_AVAILABILITY = YES_AGGRESSIVE;
				CLANG_WARN_UNREACHABLE_CODE = YES;
				CLANG_WARN__DUPLICATE_METHOD_MATCH = YES;
				CODE_SIGN_IDENTITY = "iPhone Developer";
				COPY_PHASE_STRIP = NO;
				DEBUG_INFORMATION_FORMAT = dwarf;
				ENABLE_STRICT_OBJC_MSGSEND = YES;
				ENABLE_TESTABILITY = YES;
				GCC_C_LANGUAGE_STANDARD = gnu11;
				GCC_DYNAMIC_NO_PIC = NO;
				GCC_NO_COMMON_BLOCKS = YES;
				GCC_OPTIMIZATION_LEVEL = 0;
				GCC_PREPROCESSOR_DEFINITIONS = (
					"DEBUG=1",
					"$(inherited)",
				);
				GCC_WARN_64_TO_32_BIT_CONVERSION = YES;
				GCC_WARN_ABOUT_RETURN_TYPE = YES_ERROR;
				GCC_WARN_UNDECLARED_SELECTOR = YES;
				GCC_WARN_UNINITIALIZED_AUTOS = YES_AGGRESSIVE;
				GCC_WARN_UNUSED_FUNCTION = YES;
				GCC_WARN_UNUSED_VARIABLE = YES;
				IPHONEOS_DEPLOYMENT_TARGET = 12.4;
				MTL_ENABLE_DEBUG_INFO = INCLUDE_SOURCE;
				MTL_FAST_MATH = YES;
				ONLY_ACTIVE_ARCH = YES;
				SDKROOT = iphoneos;
				SWIFT_ACTIVE_COMPILATION_CONDITIONS = DEBUG;
				SWIFT_OPTIMIZATION_LEVEL = "-Onone";
			};
			name = Debug;
		};
		3FC73A212412F984009BB2ED /* Release */ = {
			isa = XCBuildConfiguration;
			buildSettings = {
				ALWAYS_SEARCH_USER_PATHS = NO;
				CLANG_ANALYZER_NONNULL = YES;
				CLANG_ANALYZER_NUMBER_OBJECT_CONVERSION = YES_AGGRESSIVE;
				CLANG_CXX_LANGUAGE_STANDARD = "gnu++14";
				CLANG_CXX_LIBRARY = "libc++";
				CLANG_ENABLE_MODULES = YES;
				CLANG_ENABLE_OBJC_ARC = YES;
				CLANG_ENABLE_OBJC_WEAK = YES;
				CLANG_WARN_BLOCK_CAPTURE_AUTORELEASING = YES;
				CLANG_WARN_BOOL_CONVERSION = YES;
				CLANG_WARN_COMMA = YES;
				CLANG_WARN_CONSTANT_CONVERSION = YES;
				CLANG_WARN_DEPRECATED_OBJC_IMPLEMENTATIONS = YES;
				CLANG_WARN_DIRECT_OBJC_ISA_USAGE = YES_ERROR;
				CLANG_WARN_DOCUMENTATION_COMMENTS = YES;
				CLANG_WARN_EMPTY_BODY = YES;
				CLANG_WARN_ENUM_CONVERSION = YES;
				CLANG_WARN_INFINITE_RECURSION = YES;
				CLANG_WARN_INT_CONVERSION = YES;
				CLANG_WARN_NON_LITERAL_NULL_CONVERSION = YES;
				CLANG_WARN_OBJC_IMPLICIT_RETAIN_SELF = YES;
				CLANG_WARN_OBJC_LITERAL_CONVERSION = YES;
				CLANG_WARN_OBJC_ROOT_CLASS = YES_ERROR;
				CLANG_WARN_RANGE_LOOP_ANALYSIS = YES;
				CLANG_WARN_STRICT_PROTOTYPES = YES;
				CLANG_WARN_SUSPICIOUS_MOVE = YES;
				CLANG_WARN_UNGUARDED_AVAILABILITY = YES_AGGRESSIVE;
				CLANG_WARN_UNREACHABLE_CODE = YES;
				CLANG_WARN__DUPLICATE_METHOD_MATCH = YES;
				CODE_SIGN_IDENTITY = "iPhone Developer";
				COPY_PHASE_STRIP = NO;
				DEBUG_INFORMATION_FORMAT = "dwarf-with-dsym";
				ENABLE_NS_ASSERTIONS = NO;
				ENABLE_STRICT_OBJC_MSGSEND = YES;
				GCC_C_LANGUAGE_STANDARD = gnu11;
				GCC_NO_COMMON_BLOCKS = YES;
				GCC_WARN_64_TO_32_BIT_CONVERSION = YES;
				GCC_WARN_ABOUT_RETURN_TYPE = YES_ERROR;
				GCC_WARN_UNDECLARED_SELECTOR = YES;
				GCC_WARN_UNINITIALIZED_AUTOS = YES_AGGRESSIVE;
				GCC_WARN_UNUSED_FUNCTION = YES;
				GCC_WARN_UNUSED_VARIABLE = YES;
				IPHONEOS_DEPLOYMENT_TARGET = 12.4;
				MTL_ENABLE_DEBUG_INFO = NO;
				MTL_FAST_MATH = YES;
				SDKROOT = iphoneos;
				SWIFT_COMPILATION_MODE = wholemodule;
				SWIFT_OPTIMIZATION_LEVEL = "-O";
				VALIDATE_PRODUCT = YES;
			};
			name = Release;
		};
		3FC73A232412F984009BB2ED /* Debug */ = {
			isa = XCBuildConfiguration;
			buildSettings = {
				ASSETCATALOG_COMPILER_APPICON_NAME = AppIcon;
				CODE_SIGN_STYLE = Automatic;
				DEVELOPMENT_TEAM = AR6UBZK45G;
				INFOPLIST_FILE = PickerAppSueB_v3/Info.plist;
				LD_RUNPATH_SEARCH_PATHS = (
					"$(inherited)",
					"@executable_path/Frameworks",
				);
				PRODUCT_BUNDLE_IDENTIFIER = "edu.mchenry.PickerAppSueB-v3";
				PRODUCT_NAME = "$(TARGET_NAME)";
				SWIFT_VERSION = 5.0;
				TARGETED_DEVICE_FAMILY = "1,2";
			};
			name = Debug;
		};
		3FC73A242412F984009BB2ED /* Release */ = {
			isa = XCBuildConfiguration;
			buildSettings = {
				ASSETCATALOG_COMPILER_APPICON_NAME = AppIcon;
				CODE_SIGN_STYLE = Automatic;
				DEVELOPMENT_TEAM = AR6UBZK45G;
				INFOPLIST_FILE = PickerAppSueB_v3/Info.plist;
				LD_RUNPATH_SEARCH_PATHS = (
					"$(inherited)",
					"@executable_path/Frameworks",
				);
				PRODUCT_BUNDLE_IDENTIFIER = "edu.mchenry.PickerAppSueB-v3";
				PRODUCT_NAME = "$(TARGET_NAME)";
				SWIFT_VERSION = 5.0;
				TARGETED_DEVICE_FAMILY = "1,2";
			};
			name = Release;
		};
/* End XCBuildConfiguration section */

/* Begin XCConfigurationList section */
		3FC73A0B2412F983009BB2ED /* Build configuration list for PBXProject "PickerAppSueB_v3" */ = {
			isa = XCConfigurationList;
			buildConfigurations = (
				3FC73A202412F984009BB2ED /* Debug */,
				3FC73A212412F984009BB2ED /* Release */,
			);
			defaultConfigurationIsVisible = 0;
			defaultConfigurationName = Release;
		};
		3FC73A222412F984009BB2ED /* Build configuration list for PBXNativeTarget "PickerAppSueB_v3" */ = {
			isa = XCConfigurationList;
			buildConfigurations = (
				3FC73A232412F984009BB2ED /* Debug */,
				3FC73A242412F984009BB2ED /* Release */,
			);
			defaultConfigurationIsVisible = 0;
			defaultConfigurationName = Release;
		};
/* End XCConfigurationList section */
	};
	rootObject = 3FC73A082412F983009BB2ED /* Project object */;
}
