// !$*UTF8*$!
{
	archiveVersion = 1;
	classes = {
	};
	objectVersion = 50;
	objects = {

/* Begin PBXBuildFile section */
		3F72592C2406BC2C00B34AB8 /* AppDelegate.swift in Sources */ = {isa = PBXBuildFile; fileRef = 3F72592B2406BC2C00B34AB8 /* AppDelegate.swift */; };
		3F72592E2406BC2C00B34AB8 /* ViewController.swift in Sources */ = {isa = PBXBuildFile; fileRef = 3F72592D2406BC2C00B34AB8 /* ViewController.swift */; };
		3F7259312406BC2C00B34AB8 /* Main.storyboard in Resources */ = {isa = PBXBuildFile; fileRef = 3F72592F2406BC2C00B34AB8 /* Main.storyboard */; };
		3F7259332406BC2C00B34AB8 /* Assets.xcassets in Resources */ = {isa = PBXBuildFile; fileRef = 3F7259322406BC2C00B34AB8 /* Assets.xcassets */; };
		3F7259362406BC2C00B34AB8 /* LaunchScreen.storyboard in Resources */ = {isa = PBXBuildFile; fileRef = 3F7259342406BC2C00B34AB8 /* LaunchScreen.storyboard */; };
		3F7259402406BD0E00B34AB8 /* DatePickerViewController.swift in Sources */ = {isa = PBXBuildFile; fileRef = 3F72593F2406BD0E00B34AB8 /* DatePickerViewController.swift */; };
		3F7259422406BD5000B34AB8 /* SingleComponentPickerViewController.swift in Sources */ = {isa = PBXBuildFile; fileRef = 3F7259412406BD5000B34AB8 /* SingleComponentPickerViewController.swift */; };
		3F7259442406BD6900B34AB8 /* DoubleComponentPickerViewController.swift in Sources */ = {isa = PBXBuildFile; fileRef = 3F7259432406BD6900B34AB8 /* DoubleComponentPickerViewController.swift */; };
		3F7259462406BD7A00B34AB8 /* DependentComponentPickerViewController.swift in Sources */ = {isa = PBXBuildFile; fileRef = 3F7259452406BD7A00B34AB8 /* DependentComponentPickerViewController.swift */; };
		3F7259482406BD9100B34AB8 /* CustomPickerViewController.swift in Sources */ = {isa = PBXBuildFile; fileRef = 3F7259472406BD9100B34AB8 /* CustomPickerViewController.swift */; };
		3FC739C424103CB6009BB2ED /* 07 - Picker Data in Resources */ = {isa = PBXBuildFile; fileRef = 3FC739C324103CB6009BB2ED /* 07 - Picker Data */; };
		3FC739C82411D2EE009BB2ED /* miscViewController.swift in Sources */ = {isa = PBXBuildFile; fileRef = 3FC739C72411D2EE009BB2ED /* miscViewController.swift */; };
/* End PBXBuildFile section */

/* Begin PBXFileReference section */
		3F7259282406BC2C00B34AB8 /* PickersSueB.app */ = {isa = PBXFileReference; explicitFileType = wrapper.application; includeInIndex = 0; path = PickersSueB.app; sourceTree = BUILT_PRODUCTS_DIR; };
		3F72592B2406BC2C00B34AB8 /* AppDelegate.swift */ = {isa = PBXFileReference; lastKnownFileType = sourcecode.swift; path = AppDelegate.swift; sourceTree = "<group>"; };
		3F72592D2406BC2C00B34AB8 /* ViewController.swift */ = {isa = PBXFileReference; lastKnownFileType = sourcecode.swift; path = ViewController.swift; sourceTree = "<group>"; };
		3F7259302406BC2C00B34AB8 /* Base */ = {isa = PBXFileReference; lastKnownFileType = file.storyboard; name = Base; path = Base.lproj/Main.storyboard; sourceTree = "<group>"; };
		3F7259322406BC2C00B34AB8 /* Assets.xcassets */ = {isa = PBXFileReference; lastKnownFileType = folder.assetcatalog; path = Assets.xcassets; sourceTree = "<group>"; };
		3F7259352406BC2C00B34AB8 /* Base */ = {isa = PBXFileReference; lastKnownFileType = file.storyboard; name = Base; path = Base.lproj/LaunchScreen.storyboard; sourceTree = "<group>"; };
		3F7259372406BC2C00B34AB8 /* Info.plist */ = {isa = PBXFileReference; lastKnownFileType = text.plist.xml; path = Info.plist; sourceTree = "<group>"; };
		3F72593F2406BD0E00B34AB8 /* DatePickerViewController.swift */ = {isa = PBXFileReference; lastKnownFileType = sourcecode.swift; path = DatePickerViewController.swift; sourceTree = "<group>"; };
		3F7259412406BD5000B34AB8 /* SingleComponentPickerViewController.swift */ = {isa = PBXFileReference; lastKnownFileType = sourcecode.swift; path = SingleComponentPickerViewController.swift; sourceTree = "<group>"; };
		3F7259432406BD6900B34AB8 /* DoubleComponentPickerViewController.swift */ = {isa = PBXFileReference; lastKnownFileType = sourcecode.swift; path = DoubleComponentPickerViewController.swift; sourceTree = "<group>"; };
		3F7259452406BD7A00B34AB8 /* DependentComponentPickerViewController.swift */ = {isa = PBXFileReference; lastKnownFileType = sourcecode.swift; path = DependentComponentPickerViewController.swift; sourceTree = "<group>"; };
		3F7259472406BD9100B34AB8 /* CustomPickerViewController.swift */ = {isa = PBXFileReference; lastKnownFileType = sourcecode.swift; path = CustomPickerViewController.swift; sourceTree = "<group>"; };
		3FC739C324103CB6009BB2ED /* 07 - Picker Data */ = {isa = PBXFileReference; lastKnownFileType = folder; path = "07 - Picker Data"; sourceTree = "<group>"; };
		3FC739C72411D2EE009BB2ED /* miscViewController.swift */ = {isa = PBXFileReference; lastKnownFileType = sourcecode.swift; path = miscViewController.swift; sourceTree = "<group>"; };
/* End PBXFileReference section */

/* Begin PBXFrameworksBuildPhase section */
		3F7259252406BC2C00B34AB8 /* Frameworks */ = {
			isa = PBXFrameworksBuildPhase;
			buildActionMask = 2147483647;
			files = (
			);
			runOnlyForDeploymentPostprocessing = 0;
		};
/* End PBXFrameworksBuildPhase section */

/* Begin PBXGroup section */
		3F72591F2406BC2C00B34AB8 = {
			isa = PBXGroup;
			children = (
				3FC739C72411D2EE009BB2ED /* miscViewController.swift */,
				3F72592A2406BC2C00B34AB8 /* PickersSueB */,
				3F7259292406BC2C00B34AB8 /* Products */,
			);
			sourceTree = "<group>";
		};
		3F7259292406BC2C00B34AB8 /* Products */ = {
			isa = PBXGroup;
			children = (
				3F7259282406BC2C00B34AB8 /* PickersSueB.app */,
			);
			name = Products;
			sourceTree = "<group>";
		};
		3F72592A2406BC2C00B34AB8 /* PickersSueB */ = {
			isa = PBXGroup;
			children = (
				3FC739C324103CB6009BB2ED /* 07 - Picker Data */,
				3F72592B2406BC2C00B34AB8 /* AppDelegate.swift */,
				3F72592D2406BC2C00B34AB8 /* ViewController.swift */,
				3F72593F2406BD0E00B34AB8 /* DatePickerViewController.swift */,
				3F7259412406BD5000B34AB8 /* SingleComponentPickerViewController.swift */,
				3F7259432406BD6900B34AB8 /* DoubleComponentPickerViewController.swift */,
				3F7259452406BD7A00B34AB8 /* DependentComponentPickerViewController.swift */,
				3F7259472406BD9100B34AB8 /* CustomPickerViewController.swift */,
				3F72592F2406BC2C00B34AB8 /* Main.storyboard */,
				3F7259322406BC2C00B34AB8 /* Assets.xcassets */,
				3F7259342406BC2C00B34AB8 /* LaunchScreen.storyboard */,
				3F7259372406BC2C00B34AB8 /* Info.plist */,
			);
			path = PickersSueB;
			sourceTree = "<group>";
		};
/* End PBXGroup section */

/* Begin PBXNativeTarget section */
		3F7259272406BC2C00B34AB8 /* PickersSueB */ = {
			isa = PBXNativeTarget;
			buildConfigurationList = 3F72593A2406BC2C00B34AB8 /* Build configuration list for PBXNativeTarget "PickersSueB" */;
			buildPhases = (
				3F7259242406BC2C00B34AB8 /* Sources */,
				3F7259252406BC2C00B34AB8 /* Frameworks */,
				3F7259262406BC2C00B34AB8 /* Resources */,
			);
			buildRules = (
			);
			dependencies = (
			);
			name = PickersSueB;
			productName = PickersSueB;
			productReference = 3F7259282406BC2C00B34AB8 /* PickersSueB.app */;
			productType = "com.apple.product-type.application";
		};
/* End PBXNativeTarget section */

/* Begin PBXProject section */
		3F7259202406BC2C00B34AB8 /* Project object */ = {
			isa = PBXProject;
			attributes = {
				LastSwiftUpdateCheck = 1030;
				LastUpgradeCheck = 1030;
				ORGANIZATIONNAME = "McHenry County College";
				TargetAttributes = {
					3F7259272406BC2C00B34AB8 = {
						CreatedOnToolsVersion = 10.3;
					};
				};
			};
			buildConfigurationList = 3F7259232406BC2C00B34AB8 /* Build configuration list for PBXProject "PickersSueB" */;
			compatibilityVersion = "Xcode 9.3";
			developmentRegion = en;
			hasScannedForEncodings = 0;
			knownRegions = (
				en,
				Base,
			);
			mainGroup = 3F72591F2406BC2C00B34AB8;
			productRefGroup = 3F7259292406BC2C00B34AB8 /* Products */;
			projectDirPath = "";
			projectRoot = "";
			targets = (
				3F7259272406BC2C00B34AB8 /* PickersSueB */,
			);
		};
/* End PBXProject section */

/* Begin PBXResourcesBuildPhase section */
		3F7259262406BC2C00B34AB8 /* Resources */ = {
			isa = PBXResourcesBuildPhase;
			buildActionMask = 2147483647;
			files = (
				3FC739C424103CB6009BB2ED /* 07 - Picker Data in Resources */,
				3F7259362406BC2C00B34AB8 /* LaunchScreen.storyboard in Resources */,
				3F7259332406BC2C00B34AB8 /* Assets.xcassets in Resources */,
				3F7259312406BC2C00B34AB8 /* Main.storyboard in Resources */,
			);
			runOnlyForDeploymentPostprocessing = 0;
		};
/* End PBXResourcesBuildPhase section */

/* Begin PBXSourcesBuildPhase section */
		3F7259242406BC2C00B34AB8 /* Sources */ = {
			isa = PBXSourcesBuildPhase;
			buildActionMask = 2147483647;
			files = (
				3F72592E2406BC2C00B34AB8 /* ViewController.swift in Sources */,
				3F72592C2406BC2C00B34AB8 /* AppDelegate.swift in Sources */,
				3F7259462406BD7A00B34AB8 /* DependentComponentPickerViewController.swift in Sources */,
				3F7259442406BD6900B34AB8 /* DoubleComponentPickerViewController.swift in Sources */,
				3F7259482406BD9100B34AB8 /* CustomPickerViewController.swift in Sources */,
				3F7259422406BD5000B34AB8 /* SingleComponentPickerViewController.swift in Sources */,
				3FC739C82411D2EE009BB2ED /* miscViewController.swift in Sources */,
				3F7259402406BD0E00B34AB8 /* DatePickerViewController.swift in Sources */,
			);
			runOnlyForDeploymentPostprocessing = 0;
		};
/* End PBXSourcesBuildPhase section */

/* Begin PBXVariantGroup section */
		3F72592F2406BC2C00B34AB8 /* Main.storyboard */ = {
			isa = PBXVariantGroup;
			children = (
				3F7259302406BC2C00B34AB8 /* Base */,
			);
			name = Main.storyboard;
			sourceTree = "<group>";
		};
		3F7259342406BC2C00B34AB8 /* LaunchScreen.storyboard */ = {
			isa = PBXVariantGroup;
			children = (
				3F7259352406BC2C00B34AB8 /* Base */,
			);
			name = LaunchScreen.storyboard;
			sourceTree = "<group>";
		};
/* End PBXVariantGroup section */

/* Begin XCBuildConfiguration section */
		3F7259382406BC2C00B34AB8 /* Debug */ = {
			isa = XCBuildConfiguration;
			buildSettings = {
				ALWAYS_SEARCH_USER_PATHS = NO;
				CLANG_ANALYZER_NONNULL = YES;
				CLANG_ANALYZER_NUMBER_OBJECT_CONVERSION = YES_AGGRESSIVE;
				CLANG_CXX_LANGUAGE_STANDARD = "gnu++14";
				CLANG_CXX_LIBRARY = "libc++";
				CLANG_ENABLE_MODULES = YES;
				CLANG_ENABLE_OBJC_ARC = YES;
				CLANG_ENABLE_OBJC_WEAK = YES;
				CLANG_WARN_BLOCK_CAPTURE_AUTORELEASING = YES;
				CLANG_WARN_BOOL_CONVERSION = YES;
				CLANG_WARN_COMMA = YES;
				CLANG_WARN_CONSTANT_CONVERSION = YES;
				CLANG_WARN_DEPRECATED_OBJC_IMPLEMENTATIONS = YES;
				CLANG_WARN_DIRECT_OBJC_ISA_USAGE = YES_ERROR;
				CLANG_WARN_DOCUMENTATION_COMMENTS = YES;
				CLANG_WARN_EMPTY_BODY = YES;
				CLANG_WARN_ENUM_CONVERSION = YES;
				CLANG_WARN_INFINITE_RECURSION = YES;
				CLANG_WARN_INT_CONVERSION = YES;
				CLANG_WARN_NON_LITERAL_NULL_CONVERSION = YES;
				CLANG_WARN_OBJC_IMPLICIT_RETAIN_SELF = YES;
				CLANG_WARN_OBJC_LITERAL_CONVERSION = YES;
				CLANG_WARN_OBJC_ROOT_CLASS = YES_ERROR;
				CLANG_WARN_RANGE_LOOP_ANALYSIS = YES;
				CLANG_WARN_STRICT_PROTOTYPES = YES;
				CLANG_WARN_SUSPICIOUS_MOVE = YES;
				CLANG_WARN_UNGUARDED_AVAILABILITY = YES_AGGRESSIVE;
				CLANG_WARN_UNREACHABLE_CODE = YES;
				CLANG_WARN__DUPLICATE_METHOD_MATCH = YES;
				CODE_SIGN_IDENTITY = "iPhone Developer";
				COPY_PHASE_STRIP = NO;
				DEBUG_INFORMATION_FORMAT = dwarf;
				ENABLE_STRICT_OBJC_MSGSEND = YES;
				ENABLE_TESTABILITY = YES;
				GCC_C_LANGUAGE_STANDARD = gnu11;
				GCC_DYNAMIC_NO_PIC = NO;
				GCC_NO_COMMON_BLOCKS = YES;
				GCC_OPTIMIZATION_LEVEL = 0;
				GCC_PREPROCESSOR_DEFINITIONS = (
					"DEBUG=1",
					"$(inherited)",
				);
				GCC_WARN_64_TO_32_BIT_CONVERSION = YES;
				GCC_WARN_ABOUT_RETURN_TYPE = YES_ERROR;
				GCC_WARN_UNDECLARED_SELECTOR = YES;
				GCC_WARN_UNINITIALIZED_AUTOS = YES_AGGRESSIVE;
				GCC_WARN_UNUSED_FUNCTION = YES;
				GCC_WARN_UNUSED_VARIABLE = YES;
				IPHONEOS_DEPLOYMENT_TARGET = 12.4;
				MTL_ENABLE_DEBUG_INFO = INCLUDE_SOURCE;
				MTL_FAST_MATH = YES;
				ONLY_ACTIVE_ARCH = YES;
				SDKROOT = iphoneos;
				SWIFT_ACTIVE_COMPILATION_CONDITIONS = DEBUG;
				SWIFT_OPTIMIZATION_LEVEL = "-Onone";
			};
			name = Debug;
		};
		3F7259392406BC2C00B34AB8 /* Release */ = {
			isa = XCBuildConfiguration;
			buildSettings = {
				ALWAYS_SEARCH_USER_PATHS = NO;
				CLANG_ANALYZER_NONNULL = YES;
				CLANG_ANALYZER_NUMBER_OBJECT_CONVERSION = YES_AGGRESSIVE;
				CLANG_CXX_LANGUAGE_STANDARD = "gnu++14";
				CLANG_CXX_LIBRARY = "libc++";
				CLANG_ENABLE_MODULES = YES;
				CLANG_ENABLE_OBJC_ARC = YES;
				CLANG_ENABLE_OBJC_WEAK = YES;
				CLANG_WARN_BLOCK_CAPTURE_AUTORELEASING = YES;
				CLANG_WARN_BOOL_CONVERSION = YES;
				CLANG_WARN_COMMA = YES;
				CLANG_WARN_CONSTANT_CONVERSION = YES;
				CLANG_WARN_DEPRECATED_OBJC_IMPLEMENTATIONS = YES;
				CLANG_WARN_DIRECT_OBJC_ISA_USAGE = YES_ERROR;
				CLANG_WARN_DOCUMENTATION_COMMENTS = YES;
				CLANG_WARN_EMPTY_BODY = YES;
				CLANG_WARN_ENUM_CONVERSION = YES;
				CLANG_WARN_INFINITE_RECURSION = YES;
				CLANG_WARN_INT_CONVERSION = YES;
				CLANG_WARN_NON_LITERAL_NULL_CONVERSION = YES;
				CLANG_WARN_OBJC_IMPLICIT_RETAIN_SELF = YES;
				CLANG_WARN_OBJC_LITERAL_CONVERSION = YES;
				CLANG_WARN_OBJC_ROOT_CLASS = YES_ERROR;
				CLANG_WARN_RANGE_LOOP_ANALYSIS = YES;
				CLANG_WARN_STRICT_PROTOTYPES = YES;
				CLANG_WARN_SUSPICIOUS_MOVE = YES;
				CLANG_WARN_UNGUARDED_AVAILABILITY = YES_AGGRESSIVE;
				CLANG_WARN_UNREACHABLE_CODE = YES;
				CLANG_WARN__DUPLICATE_METHOD_MATCH = YES;
				CODE_SIGN_IDENTITY = "iPhone Developer";
				COPY_PHASE_STRIP = NO;
				DEBUG_INFORMATION_FORMAT = "dwarf-with-dsym";
				ENABLE_NS_ASSERTIONS = NO;
				ENABLE_STRICT_OBJC_MSGSEND = YES;
				GCC_C_LANGUAGE_STANDARD = gnu11;
				GCC_NO_COMMON_BLOCKS = YES;
				GCC_WARN_64_TO_32_BIT_CONVERSION = YES;
				GCC_WARN_ABOUT_RETURN_TYPE = YES_ERROR;
				GCC_WARN_UNDECLARED_SELECTOR = YES;
				GCC_WARN_UNINITIALIZED_AUTOS = YES_AGGRESSIVE;
				GCC_WARN_UNUSED_FUNCTION = YES;
				GCC_WARN_UNUSED_VARIABLE = YES;
				IPHONEOS_DEPLOYMENT_TARGET = 12.4;
				MTL_ENABLE_DEBUG_INFO = NO;
				MTL_FAST_MATH = YES;
				SDKROOT = iphoneos;
				SWIFT_COMPILATION_MODE = wholemodule;
				SWIFT_OPTIMIZATION_LEVEL = "-O";
				VALIDATE_PRODUCT = YES;
			};
			name = Release;
		};
		3F72593B2406BC2C00B34AB8 /* Debug */ = {
			isa = XCBuildConfiguration;
			buildSettings = {
				ASSETCATALOG_COMPILER_APPICON_NAME = AppIcon;
				CODE_SIGN_STYLE = Automatic;
				DEVELOPMENT_TEAM = AR6UBZK45G;
				INFOPLIST_FILE = PickersSueB/Info.plist;
				LD_RUNPATH_SEARCH_PATHS = (
					"$(inherited)",
					"@executable_path/Frameworks",
				);
				PRODUCT_BUNDLE_IDENTIFIER = edu.mchenry.PickersSueB;
				PRODUCT_NAME = "$(TARGET_NAME)";
				SWIFT_VERSION = 5.0;
				TARGETED_DEVICE_FAMILY = "1,2";
			};
			name = Debug;
		};
		3F72593C2406BC2C00B34AB8 /* Release */ = {
			isa = XCBuildConfiguration;
			buildSettings = {
				ASSETCATALOG_COMPILER_APPICON_NAME = AppIcon;
				CODE_SIGN_STYLE = Automatic;
				DEVELOPMENT_TEAM = AR6UBZK45G;
				INFOPLIST_FILE = PickersSueB/Info.plist;
				LD_RUNPATH_SEARCH_PATHS = (
					"$(inherited)",
					"@executable_path/Frameworks",
				);
				PRODUCT_BUNDLE_IDENTIFIER = edu.mchenry.PickersSueB;
				PRODUCT_NAME = "$(TARGET_NAME)";
				SWIFT_VERSION = 5.0;
				TARGETED_DEVICE_FAMILY = "1,2";
			};
			name = Release;
		};
/* End XCBuildConfiguration section */

/* Begin XCConfigurationList section */
		3F7259232406BC2C00B34AB8 /* Build configuration list for PBXProject "PickersSueB" */ = {
			isa = XCConfigurationList;
			buildConfigurations = (
				3F7259382406BC2C00B34AB8 /* Debug */,
				3F7259392406BC2C00B34AB8 /* Release */,
			);
			defaultConfigurationIsVisible = 0;
			defaultConfigurationName = Release;
		};
		3F72593A2406BC2C00B34AB8 /* Build configuration list for PBXNativeTarget "PickersSueB" */ = {
			isa = XCConfigurationList;
			buildConfigurations = (
				3F72593B2406BC2C00B34AB8 /* Debug */,
				3F72593C2406BC2C00B34AB8 /* Release */,
			);
			defaultConfigurationIsVisible = 0;
			defaultConfigurationName = Release;
		};
/* End XCConfigurationList section */
	};
	rootObject = 3F7259202406BC2C00B34AB8 /* Project object */;
}
